{
  "version": 3,
  "targets": {
    "net10.0/win-x64": {
      "obfuscar.globaltool/2.2.50": {
        "type": "package",
        "tools": {
          "tools/net10.0/any/Baml.dll": {},
          "tools/net10.0/any/Baml.pdb": {},
          "tools/net10.0/any/DotnetToolSettings.xml": {},
          "tools/net10.0/any/GlobalTools.deps.json": {},
          "tools/net10.0/any/GlobalTools.dll": {},
          "tools/net10.0/any/GlobalTools.pdb": {},
          "tools/net10.0/any/GlobalTools.runtimeconfig.json": {},
          "tools/net10.0/any/Microsoft.Extensions.Configuration.Abstractions.dll": {},
          "tools/net10.0/any/Microsoft.Extensions.Configuration.Binder.dll": {},
          "tools/net10.0/any/Microsoft.Extensions.Configuration.dll": {},
          "tools/net10.0/any/Microsoft.Extensions.DependencyInjection.Abstractions.dll": {},
          "tools/net10.0/any/Microsoft.Extensions.DependencyInjection.dll": {},
          "tools/net10.0/any/Microsoft.Extensions.Logging.Abstractions.dll": {},
          "tools/net10.0/any/Microsoft.Extensions.Logging.Configuration.dll": {},
          "tools/net10.0/any/Microsoft.Extensions.Logging.Console.dll": {},
          "tools/net10.0/any/Microsoft.Extensions.Logging.dll": {},
          "tools/net10.0/any/Microsoft.Extensions.Options.ConfigurationExtensions.dll": {},
          "tools/net10.0/any/Microsoft.Extensions.Options.dll": {},
          "tools/net10.0/any/Microsoft.Extensions.Primitives.dll": {},
          "tools/net10.0/any/Mono.Cecil.Mdb.dll": {},
          "tools/net10.0/any/Mono.Cecil.Pdb.dll": {},
          "tools/net10.0/any/Mono.Cecil.Rocks.dll": {},
          "tools/net10.0/any/Mono.Cecil.dll": {},
          "tools/net10.0/any/NuGet.Versioning.dll": {},
          "tools/net10.0/any/Obfuscar.dll": {},
          "tools/net10.0/any/Obfuscar.pdb": {},
          "tools/net10.0/any/System.CommandLine.dll": {},
          "tools/net10.0/any/System.Configuration.ConfigurationManager.dll": {},
          "tools/net10.0/any/System.Diagnostics.EventLog.dll": {},
          "tools/net10.0/any/System.Runtime.Caching.dll": {},
          "tools/net10.0/any/System.Security.Cryptography.ProtectedData.dll": {},
          "tools/net10.0/any/cs/System.CommandLine.resources.dll": {},
          "tools/net10.0/any/de/System.CommandLine.resources.dll": {},
          "tools/net10.0/any/es/System.CommandLine.resources.dll": {},
          "tools/net10.0/any/fr/System.CommandLine.resources.dll": {},
          "tools/net10.0/any/it/System.CommandLine.resources.dll": {},
          "tools/net10.0/any/ja/System.CommandLine.resources.dll": {},
          "tools/net10.0/any/ko/System.CommandLine.resources.dll": {},
          "tools/net10.0/any/pl/System.CommandLine.resources.dll": {},
          "tools/net10.0/any/pt-BR/System.CommandLine.resources.dll": {},
          "tools/net10.0/any/ru/System.CommandLine.resources.dll": {},
          "tools/net10.0/any/runtimes/win/lib/net8.0/System.Diagnostics.EventLog.Messages.dll": {},
          "tools/net10.0/any/runtimes/win/lib/net8.0/System.Diagnostics.EventLog.dll": {},
          "tools/net10.0/any/runtimes/win/lib/net8.0/System.Runtime.Caching.dll": {},
          "tools/net10.0/any/tr/System.CommandLine.resources.dll": {},
          "tools/net10.0/any/zh-Hans/System.CommandLine.resources.dll": {},
          "tools/net10.0/any/zh-Hant/System.CommandLine.resources.dll": {}
        }
      }
    }
  },
  "libraries": {},
  "projectFileDependencyGroups": {}
}